
Microsoft Visual Studio Solution File, Format Version 12.00
# Visual Studio Version 17
VisualStudioVersion = 17.6.33717.318
MinimumVisualStudioVersion = 10.0.40219.1
Project("{9A19103F-16F7-4668-BE54-9A1E7A4F7556}") = "ConsoleEmbroideryApp", "ConsoleEmbroideryApp\ConsoleEmbroideryApp.csproj", "{B77C6A23-8A45-4F87-84FB-9140E8FA54A7}"
EndProject
Project("{9A19103F-16F7-4668-BE54-9A1E7A4F7556}") = "FileOperationsLibrary", "FileOperationsLibrary\FileOperationsLibrary.csproj", "{8FDA62EA-7D0F-45BC-B535-07E93568AE32}"
EndProject
Global
	GlobalSection(SolutionConfigurationPlatforms) = preSolution
		Debug|Any CPU = Debug|Any CPU
		Release|Any CPU = Release|Any CPU
	EndGlobalSection
	GlobalSection(ProjectConfigurationPlatforms) = postSolution
		{B77C6A23-8A45-4F87-84FB-9140E8FA54A7}.Debug|Any CPU.ActiveCfg = Debug|Any CPU
		{B77C6A23-8A45-4F87-84FB-9140E8FA54A7}.Debug|Any CPU.Build.0 = Debug|Any CPU
		{B77C6A23-8A45-4F87-84FB-9140E8FA54A7}.Release|Any CPU.ActiveCfg = Release|Any CPU
		{B77C6A23-8A45-4F87-84FB-9140E8FA54A7}.Release|Any CPU.Build.0 = Release|Any CPU
		{8FDA62EA-7D0F-45BC-B535-07E93568AE32}.Debug|Any CPU.ActiveCfg = Debug|Any CPU
		{8FDA62EA-7D0F-45BC-B535-07E93568AE32}.Debug|Any CPU.Build.0 = Debug|Any CPU
		{8FDA62EA-7D0F-45BC-B535-07E93568AE32}.Release|Any CPU.ActiveCfg = Release|Any CPU
		{8FDA62EA-7D0F-45BC-B535-07E93568AE32}.Release|Any CPU.Build.0 = Release|Any CPU
	EndGlobalSection
	GlobalSection(SolutionProperties) = preSolution
		HideSolutionNode = FALSE
	EndGlobalSection
	GlobalSection(ExtensibilityGlobals) = postSolution
		SolutionGuid = {99DFF6B3-2E93-407D-98F3-0FBDD5768BC8}
	EndGlobalSection
EndGlobal
